<?xml version="1.0" encoding="utf-8"?>
<Project ToolsVersion="4.0" xmlns="http://schemas.microsoft.com/developer/msbuild/2003">
  <ItemGroup>
    <Filter Include="Mawar">
      <UniqueIdentifier>{DD96A70D-49AB-CFBE-122D-731E7E00CCEF}</UniqueIdentifier>
    </Filter>
  </ItemGroup>
  <ItemGroup>
    <ClInclude Include="src\Mawar\Application.hpp">
      <Filter>Mawar</Filter>
    </ClInclude>
    <ClInclude Include="src\Mawar\Core.hpp">
      <Filter>Mawar</Filter>
    </ClInclude>
    <ClInclude Include="src\Mawar\EntryPoint.hpp">
      <Filter>Mawar</Filter>
    </ClInclude>
    <ClInclude Include="src\Mawar\Log.hpp">
      <Filter>Mawar</Filter>
    </ClInclude>
    <ClInclude Include="src\MawarEngine.hpp" />
  </ItemGroup>
  <ItemGroup>
    <ClCompile Include="src\Mawar\Application.cpp">
      <Filter>Mawar</Filter>
    </ClCompile>
    <ClCompile Include="src\Mawar\Log.cpp">
      <Filter>Mawar</Filter>
    </ClCompile>
  </ItemGroup>
</Project>