<?xml version="1.0" encoding="utf-8"?>
<Project ToolsVersion="4.0" xmlns="http://schemas.microsoft.com/developer/msbuild/2003">
  <ItemGroup>
    <Filter Include="Mawar">
      <UniqueIdentifier>{DD96A70D-49AB-CFBE-122D-731E7E00CCEF}</UniqueIdentifier>
    </Filter>
    <Filter Include="Mawar\Events">
      <UniqueIdentifier>{2148CD9E-0DAB-5C43-B630-95F9A27228C6}</UniqueIdentifier>
    </Filter>
    <Filter Include="Platform">
      <UniqueIdentifier>{2AC788B4-1694-E3BF-3FAD-D1672BD9184E}</UniqueIdentifier>
    </Filter>
    <Filter Include="Platform\Windows">
      <UniqueIdentifier>{64FBD71A-50F4-F66C-7926-DCF1657ED678}</UniqueIdentifier>
    </Filter>
  </ItemGroup>
  <ItemGroup>
    <ClInclude Include="src\Mawar\Application.hpp">
      <Filter>Mawar</Filter>
    </ClInclude>
    <ClInclude Include="src\Mawar\Core.hpp">
      <Filter>Mawar</Filter>
    </ClInclude>
    <ClInclude Include="src\Mawar\EntryPoint.hpp">
      <Filter>Mawar</Filter>
    </ClInclude>
    <ClInclude Include="src\Mawar\Events\ApplicationEvent.hpp">
      <Filter>Mawar\Events</Filter>
    </ClInclude>
    <ClInclude Include="src\Mawar\Events\Event.hpp">
      <Filter>Mawar\Events</Filter>
    </ClInclude>
    <ClInclude Include="src\Mawar\Events\KeyEvent.hpp">
      <Filter>Mawar\Events</Filter>
    </ClInclude>
    <ClInclude Include="src\Mawar\Events\MouseEvent.hpp">
      <Filter>Mawar\Events</Filter>
    </ClInclude>
    <ClInclude Include="src\Mawar\Log.hpp">
      <Filter>Mawar</Filter>
    </ClInclude>
    <ClInclude Include="src\Mawar\Window.hpp">
      <Filter>Mawar</Filter>
    </ClInclude>
    <ClInclude Include="src\MawarEngine.hpp" />
    <ClInclude Include="src\Platform\Windows\WindowsWindow.hpp">
      <Filter>Platform\Windows</Filter>
    </ClInclude>
    <ClInclude Include="src\mpch.hpp" />
  </ItemGroup>
  <ItemGroup>
    <ClCompile Include="src\Mawar\Application.cpp">
      <Filter>Mawar</Filter>
    </ClCompile>
    <ClCompile Include="src\Mawar\Log.cpp">
      <Filter>Mawar</Filter>
    </ClCompile>
    <ClCompile Include="src\Platform\Windows\WindowsWindow.cpp">
      <Filter>Platform\Windows</Filter>
    </ClCompile>
    <ClCompile Include="src\mpch.cpp" />
  </ItemGroup>
</Project>